
Microsoft Visual Studio Solution File, Format Version 12.00
# Visual Studio Version 16
VisualStudioVersion = 16.0.30621.155
MinimumVisualStudioVersion = 10.0.40219.1
Project("{9A19103F-16F7-4668-BE54-9A1E7A4F7556}") = "InsurancePolicyAPI", "InsurancePolicyAPI\InsurancePolicyAPI.csproj", "{81B7E80E-9588-4C74-9E50-B39A1F80F466}"
EndProject
Project("{FAE04EC0-301F-11D3-BF4B-00C04F79EFBC}") = "PolicyService", "PolicyService\PolicyService.csproj", "{AF0194ED-6040-45BC-8CAA-75887480D975}"
EndProject
Global
	GlobalSection(SolutionConfigurationPlatforms) = preSolution
		Debug|Any CPU = Debug|Any CPU
		Release|Any CPU = Release|Any CPU
	EndGlobalSection
	GlobalSection(ProjectConfigurationPlatforms) = postSolution
		{81B7E80E-9588-4C74-9E50-B39A1F80F466}.Debug|Any CPU.ActiveCfg = Debug|Any CPU
		{81B7E80E-9588-4C74-9E50-B39A1F80F466}.Debug|Any CPU.Build.0 = Debug|Any CPU
		{81B7E80E-9588-4C74-9E50-B39A1F80F466}.Release|Any CPU.ActiveCfg = Release|Any CPU
		{81B7E80E-9588-4C74-9E50-B39A1F80F466}.Release|Any CPU.Build.0 = Release|Any CPU
		{AF0194ED-6040-45BC-8CAA-75887480D975}.Debug|Any CPU.ActiveCfg = Debug|Any CPU
		{AF0194ED-6040-45BC-8CAA-75887480D975}.Debug|Any CPU.Build.0 = Debug|Any CPU
		{AF0194ED-6040-45BC-8CAA-75887480D975}.Release|Any CPU.ActiveCfg = Release|Any CPU
		{AF0194ED-6040-45BC-8CAA-75887480D975}.Release|Any CPU.Build.0 = Release|Any CPU
	EndGlobalSection
	GlobalSection(SolutionProperties) = preSolution
		HideSolutionNode = FALSE
	EndGlobalSection
	GlobalSection(ExtensibilityGlobals) = postSolution
		SolutionGuid = {088C965D-90B1-4B2E-9268-1741C75210E7}
	EndGlobalSection
EndGlobal
